
Microsoft Visual Studio Solution File, Format Version 12.00
Project("{FAE04EC0-301F-11D3-BF4B-00C04F79EFBC}") = "WebpConverter", "WebpConverter.csproj", "{C92D3EB9-98C9-44E2-9DC6-70B4C4787F48}"
EndProject
Global
	GlobalSection(SolutionConfigurationPlatforms) = preSolution
		Debug|Any CPU = Debug|Any CPU
		Release|Any CPU = Release|Any CPU
	EndGlobalSection
	GlobalSection(ProjectConfigurationPlatforms) = postSolution
		{C92D3EB9-98C9-44E2-9DC6-70B4C4787F48}.Debug|Any CPU.ActiveCfg = Debug|Any CPU
		{C92D3EB9-98C9-44E2-9DC6-70B4C4787F48}.Debug|Any CPU.Build.0 = Debug|Any CPU
		{C92D3EB9-98C9-44E2-9DC6-70B4C4787F48}.Release|Any CPU.ActiveCfg = Release|Any CPU
		{C92D3EB9-98C9-44E2-9DC6-70B4C4787F48}.Release|Any CPU.Build.0 = Release|Any CPU
	EndGlobalSection
EndGlobal
